
Microsoft Visual Studio Solution File, Format Version 12.00
# Visual Studio Version 17
VisualStudioVersion = 17.3.32825.248
MinimumVisualStudioVersion = 10.0.40219.1
Project("{9A19103F-16F7-4668-BE54-9A1E7A4F7556}") = "DesignPattern", "DesignPattern\DesignPattern.csproj", "{32B25091-AF04-424D-B749-260897B42D6E}"
EndProject
Project("{FAE04EC0-301F-11D3-BF4B-00C04F79EFBC}") = "DesignPattern.UnitTest", "DesignPattern.UnitTest\DesignPattern.UnitTest.csproj", "{761D554A-E796-4976-9B15-631896FB1BF2}"
EndProject
Global
	GlobalSection(SolutionConfigurationPlatforms) = preSolution
		Debug|Any CPU = Debug|Any CPU
		Release|Any CPU = Release|Any CPU
	EndGlobalSection
	GlobalSection(ProjectConfigurationPlatforms) = postSolution
		{32B25091-AF04-424D-B749-260897B42D6E}.Debug|Any CPU.ActiveCfg = Debug|Any CPU
		{32B25091-AF04-424D-B749-260897B42D6E}.Debug|Any CPU.Build.0 = Debug|Any CPU
		{32B25091-AF04-424D-B749-260897B42D6E}.Release|Any CPU.ActiveCfg = Release|Any CPU
		{32B25091-AF04-424D-B749-260897B42D6E}.Release|Any CPU.Build.0 = Release|Any CPU
		{761D554A-E796-4976-9B15-631896FB1BF2}.Debug|Any CPU.ActiveCfg = Debug|Any CPU
		{761D554A-E796-4976-9B15-631896FB1BF2}.Debug|Any CPU.Build.0 = Debug|Any CPU
		{761D554A-E796-4976-9B15-631896FB1BF2}.Release|Any CPU.ActiveCfg = Release|Any CPU
		{761D554A-E796-4976-9B15-631896FB1BF2}.Release|Any CPU.Build.0 = Release|Any CPU
	EndGlobalSection
	GlobalSection(SolutionProperties) = preSolution
		HideSolutionNode = FALSE
	EndGlobalSection
	GlobalSection(ExtensibilityGlobals) = postSolution
		SolutionGuid = {613C6AAB-4002-4432-9F3D-C171D0A77B3A}
	EndGlobalSection
EndGlobal
